
Microsoft Visual Studio Solution File, Format Version 12.00
# Visual Studio Version 17
VisualStudioVersion = 17.9.34622.214
MinimumVisualStudioVersion = 10.0.40219.1
Project("{FAE04EC0-301F-11D3-BF4B-00C04F79EFBC}") = "CreatorsPlatform", "CreatorsPlatform\CreatorsPlatform.csproj", "{AF5D2C0F-7F79-4495-95B0-84EF3401E356}"
EndProject
Global
	GlobalSection(SolutionConfigurationPlatforms) = preSolution
		Debug|Any CPU = Debug|Any CPU
		Release|Any CPU = Release|Any CPU
	EndGlobalSection
	GlobalSection(ProjectConfigurationPlatforms) = postSolution
		{AF5D2C0F-7F79-4495-95B0-84EF3401E356}.Debug|Any CPU.ActiveCfg = Debug|Any CPU
		{AF5D2C0F-7F79-4495-95B0-84EF3401E356}.Debug|Any CPU.Build.0 = Debug|Any CPU
		{AF5D2C0F-7F79-4495-95B0-84EF3401E356}.Release|Any CPU.ActiveCfg = Release|Any CPU
		{AF5D2C0F-7F79-4495-95B0-84EF3401E356}.Release|Any CPU.Build.0 = Release|Any CPU
	EndGlobalSection
	GlobalSection(SolutionProperties) = preSolution
		HideSolutionNode = FALSE
	EndGlobalSection
	GlobalSection(ExtensibilityGlobals) = postSolution
		SolutionGuid = {14DE5D62-B788-48A1-B6DD-04BAB7CC587D}
	EndGlobalSection
EndGlobal
